
Microsoft Visual Studio Solution File, Format Version 12.00
# Visual Studio Version 17
VisualStudioVersion = 17.14.36401.2
MinimumVisualStudioVersion = 10.0.40219.1
Project("{FAE04EC0-301F-11D3-BF4B-00C04F79EFBC}") = "ECommerceBackend.Api", "src\ECommerceBackend.Api\ECommerceBackend.Api.csproj", "{9AD8D010-10C3-4D85-99DA-0B78752C7173}"
EndProject
Project("{2150E333-8FDC-42A3-9474-1A3956D46DE8}") = "Solution Items", "Solution Items", "{8EC462FD-D22E-90A8-E5CE-7E832BA40C5D}"
	ProjectSection(SolutionItems) = preProject
		.editorconfig = .editorconfig
		.env = .env
		Directory.Build.props = Directory.Build.props
		Directory.Packages.props = Directory.Packages.props
	EndProjectSection
EndProject
Project("{2150E333-8FDC-42A3-9474-1A3956D46DE8}") = "src", "src", "{02EA681E-C7D8-13C7-8484-4AC65E1B71E8}"
EndProject
Project("{FAE04EC0-301F-11D3-BF4B-00C04F79EFBC}") = "ECommerceBackend.Application", "src\ECommerceBackend.Application\ECommerceBackend.Application.csproj", "{18954A76-E717-4B34-817C-33A114388659}"
EndProject
Project("{FAE04EC0-301F-11D3-BF4B-00C04F79EFBC}") = "ECommerceBackend.Domain", "src\ECommerceBackend.Domain\ECommerceBackend.Domain.csproj", "{0C1E55AC-1243-0A9F-6811-95135EF6DF5B}"
EndProject
Project("{FAE04EC0-301F-11D3-BF4B-00C04F79EFBC}") = "ECommerceBackend.Infrastructure", "src\ECommerceBackend.Infrastructure\ECommerceBackend.Infrastructure.csproj", "{11BD8D0E-91EC-4ADB-8BCD-32815ECF1865}"
EndProject
Project("{E53339B2-1760-4266-BCC7-CA923CBCF16C}") = "docker-compose", "docker-compose.dcproj", "{81DDED9D-158B-E303-5F62-77A2896D2A5A}"
EndProject
Global
	GlobalSection(SolutionConfigurationPlatforms) = preSolution
		Debug|Any CPU = Debug|Any CPU
		Release|Any CPU = Release|Any CPU
	EndGlobalSection
	GlobalSection(ProjectConfigurationPlatforms) = postSolution
		{9AD8D010-10C3-4D85-99DA-0B78752C7173}.Debug|Any CPU.ActiveCfg = Debug|Any CPU
		{9AD8D010-10C3-4D85-99DA-0B78752C7173}.Debug|Any CPU.Build.0 = Debug|Any CPU
		{9AD8D010-10C3-4D85-99DA-0B78752C7173}.Release|Any CPU.ActiveCfg = Release|Any CPU
		{9AD8D010-10C3-4D85-99DA-0B78752C7173}.Release|Any CPU.Build.0 = Release|Any CPU
		{18954A76-E717-4B34-817C-33A114388659}.Debug|Any CPU.ActiveCfg = Debug|Any CPU
		{18954A76-E717-4B34-817C-33A114388659}.Debug|Any CPU.Build.0 = Debug|Any CPU
		{18954A76-E717-4B34-817C-33A114388659}.Release|Any CPU.ActiveCfg = Release|Any CPU
		{18954A76-E717-4B34-817C-33A114388659}.Release|Any CPU.Build.0 = Release|Any CPU
		{0C1E55AC-1243-0A9F-6811-95135EF6DF5B}.Debug|Any CPU.ActiveCfg = Debug|Any CPU
		{0C1E55AC-1243-0A9F-6811-95135EF6DF5B}.Debug|Any CPU.Build.0 = Debug|Any CPU
		{0C1E55AC-1243-0A9F-6811-95135EF6DF5B}.Release|Any CPU.ActiveCfg = Release|Any CPU
		{0C1E55AC-1243-0A9F-6811-95135EF6DF5B}.Release|Any CPU.Build.0 = Release|Any CPU
		{11BD8D0E-91EC-4ADB-8BCD-32815ECF1865}.Debug|Any CPU.ActiveCfg = Debug|Any CPU
		{11BD8D0E-91EC-4ADB-8BCD-32815ECF1865}.Debug|Any CPU.Build.0 = Debug|Any CPU
		{11BD8D0E-91EC-4ADB-8BCD-32815ECF1865}.Release|Any CPU.ActiveCfg = Release|Any CPU
		{11BD8D0E-91EC-4ADB-8BCD-32815ECF1865}.Release|Any CPU.Build.0 = Release|Any CPU
		{81DDED9D-158B-E303-5F62-77A2896D2A5A}.Debug|Any CPU.ActiveCfg = Debug|Any CPU
		{81DDED9D-158B-E303-5F62-77A2896D2A5A}.Debug|Any CPU.Build.0 = Debug|Any CPU
		{81DDED9D-158B-E303-5F62-77A2896D2A5A}.Release|Any CPU.ActiveCfg = Release|Any CPU
		{81DDED9D-158B-E303-5F62-77A2896D2A5A}.Release|Any CPU.Build.0 = Release|Any CPU
	EndGlobalSection
	GlobalSection(SolutionProperties) = preSolution
		HideSolutionNode = FALSE
	EndGlobalSection
	GlobalSection(NestedProjects) = preSolution
		{9AD8D010-10C3-4D85-99DA-0B78752C7173} = {02EA681E-C7D8-13C7-8484-4AC65E1B71E8}
		{18954A76-E717-4B34-817C-33A114388659} = {02EA681E-C7D8-13C7-8484-4AC65E1B71E8}
		{0C1E55AC-1243-0A9F-6811-95135EF6DF5B} = {02EA681E-C7D8-13C7-8484-4AC65E1B71E8}
		{11BD8D0E-91EC-4ADB-8BCD-32815ECF1865} = {02EA681E-C7D8-13C7-8484-4AC65E1B71E8}
	EndGlobalSection
	GlobalSection(ExtensibilityGlobals) = postSolution
		SolutionGuid = {171F4B99-1B9B-48A9-A9F8-0B284B5563B5}
	EndGlobalSection
EndGlobal
